version = 1
revision = 3
requires-python = ">=3.9, <4.0"
resolution-markers = [
    "python_full_version >= '3.10'",
    "python_full_version < '3.10'",
]

[[package]]
name = "annotated-doc"
version = "0.0.4"
source = { registry = "https://pypi.org/simple" }
sdist = { url = "https://files.pythonhosted.org/packages/57/ba/046ceea27344560984e26a590f90bc7f4a75b06701f653222458922b558c/annotated_doc-0.0.4.tar.gz", hash = "sha256:fbcda96e87e9c92ad167c2e53839e57503ecfda18804ea28102353485033faa4", size = 7288, upload-time = "2025-11-10T22:07:42.062Z" }
wheels = [
    { url = "https://files.pythonhosted.org/packages/1e/d3/26bf1008eb3d2daa8ef4cacc7f3bfdc11818d111f7e2d0201bc6e3b49d45/annotated_doc-0.0.4-py3-none-any.whl", hash = "sha256:571ac1dc6991c450b25a9c2d84a3705e2ae7a53467b5d111c24fa8baabbed320", size = 5303, upload-time = "2025-11-10T22:07:40.673Z" },
]

[[package]]
name = "click"
version = "8.1.8"
source = { registry = "https://pypi.org/simple" }
resolution-markers = [
    "python_full_version < '3.10'",
]
dependencies = [
    { name = "colorama", marker = "python_full_version < '3.10' and sys_platform == 'win32'" },
]
sdist = { url = "https://files.pythonhosted.org/packages/b9/2e/0090cbf739cee7d23781ad4b89a9894a41538e4fcf4c31dcdd705b78eb8b/click-8.1.8.tar.gz", hash = "sha256:ed53c9d8990d83c2a27deae68e4ee337473f6330c040a31d4225c9574d16096a", size = 226593, upload-time = "2024-12-21T18:38:44.339Z" }
wheels = [
    { url = "https://files.pythonhosted.org/packages/7e/d4/7ebdbd03970677812aac39c869717059dbb71a4cfc033ca6e5221787892c/click-8.1.8-py3-none-any.whl", hash = "sha256:63c132bbbed01578a06712a2d1f497bb62d9c1c0d329b7903a866228027263b2", size = 98188, upload-time = "2024-12-21T18:38:41.666Z" },
]

[[package]]
name = "click"
version = "8.3.1"
source = { registry = "https://pypi.org/simple" }
resolution-markers = [
    "python_full_version >= '3.10'",
]
dependencies = [
    { name = "colorama", marker = "python_full_version >= '3.10' and sys_platform == 'win32'" },
]
sdist = { url = "https://files.pythonhosted.org/packages/3d/fa/656b739db8587d7b5dfa22e22ed02566950fbfbcdc20311993483657a5c0/click-8.3.1.tar.gz", hash = "sha256:12ff4785d337a1bb490bb7e9c2b1ee5da3112e94a8622f26a6c77f5d2fc6842a", size = 295065, upload-time = "2025-11-15T20:45:42.706Z" }
wheels = [
    { url = "https://files.pythonhosted.org/packages/98/78/01c019cdb5d6498122777c1a43056ebb3ebfeef2076d9d026bfe15583b2b/click-8.3.1-py3-none-any.whl", hash = "sha256:981153a64e25f12d547d3426c367a4857371575ee7ad18df2a6183ab0545b2a6", size = 108274, upload-time = "2025-11-15T20:45:41.139Z" },
]

[[package]]
name = "colorama"
version = "0.4.6"
source = { registry = "https://pypi.org/simple" }
sdist = { url = "https://files.pythonhosted.org/packages/d8/53/6f443c9a4a8358a93a6792e2acffb9d9d5cb0a5cfd8802644b7b1c9a02e4/colorama-0.4.6.tar.gz", hash = "sha256:08695f5cb7ed6e0531a20572697297273c47b8cae5a63ffc6d6ed5c201be6e44", size = 27697, upload-time = "2022-10-25T02:36:22.414Z" }
wheels = [
    { url = "https://files.pythonhosted.org/packages/d1/d6/3965ed04c63042e047cb6a3e6ed1a63a35087b6a609aa3a15ed8ac56c221/colorama-0.4.6-py2.py3-none-any.whl", hash = "sha256:4f1d9991f5acc0ca119f9d443620b77f9d6b33703e51011c16baf57afb285fc6", size = 25335, upload-time = "2022-10-25T02:36:20.889Z" },
]

[[package]]
name = "et-xmlfile"
version = "2.0.0"
source = { registry = "https://pypi.org/simple" }
sdist = { url = "https://files.pythonhosted.org/packages/d3/38/af70d7ab1ae9d4da450eeec1fa3918940a5fafb9055e934af8d6eb0c2313/et_xmlfile-2.0.0.tar.gz", hash = "sha256:dab3f4764309081ce75662649be815c4c9081e88f0837825f90fd28317d4da54", size = 17234, upload-time = "2024-10-25T17:25:40.039Z" }
wheels = [
    { url = "https://files.pythonhosted.org/packages/c1/8b/5fe2cc11fee489817272089c4203e679c63b570a5aaeb18d852ae3cbba6a/et_xmlfile-2.0.0-py3-none-any.whl", hash = "sha256:7a91720bc756843502c3b7504c77b8fe44217c85c537d85037f0f536151b2caa", size = 18059, upload-time = "2024-10-25T17:25:39.051Z" },
]

[[package]]
name = "fastexcel"
version = "0.16.0"
source = { registry = "https://pypi.org/simple" }
resolution-markers = [
    "python_full_version < '3.10'",
]
dependencies = [
    { name = "typing-extensions", marker = "python_full_version < '3.10'" },
]
sdist = { url = "https://files.pythonhosted.org/packages/b0/7c/77fe2f25c4ff1c798b021cad7cddf00ff2a42118b9b59eec8ef5f0d5b5cf/fastexcel-0.16.0.tar.gz", hash = "sha256:7f6597ee86e0cda296bcc620d20fcf2de9903f8d3b99b365b7f45248d535556d", size = 59038, upload-time = "2025-09-22T12:34:40.041Z" }
wheels = [
    { url = "https://files.pythonhosted.org/packages/cc/44/2dc31ec48d8f63f1d93e11ef19636a442c39775d49f1472f4123a6b38c34/fastexcel-0.16.0-cp39-abi3-macosx_10_12_x86_64.whl", hash = "sha256:48c56a501abc1cf0890294527dc924cb0d919fd5095f684ebcf52806135e9df8", size = 3061679, upload-time = "2025-09-22T12:34:35.542Z" },
    { url = "https://files.pythonhosted.org/packages/e2/d8/ef4489cd00fe9fe52bef176ed32a8bb5837dd97518bb950bbd68f546ed1c/fastexcel-0.16.0-cp39-abi3-macosx_11_0_arm64.whl", hash = "sha256:bae61533745fae226ea19f6d198570d5c76a8de816e222ff717aff82d8d6e473", size = 2803453, upload-time = "2025-09-22T12:34:37.168Z" },
    { url = "https://files.pythonhosted.org/packages/a1/cc/95cf27168d4b4fec3d2e404d70a0fb5d5b7a18872192c8cd8b3a272d31dc/fastexcel-0.16.0-cp39-abi3-manylinux_2_17_aarch64.manylinux2014_aarch64.whl", hash = "sha256:ec1c56b9b3b7b7ff2bde64dbe0e378a707287aff9deeb71ff6d0f8c3b7d24e34", size = 3130831, upload-time = "2025-09-22T12:34:32.22Z" },
    { url = "https://files.pythonhosted.org/packages/c8/23/02012e9c7e584e6f85e1e7078beff3dc56aaad2e51b0a33bbcaa1dc2aa6e/fastexcel-0.16.0-cp39-abi3-manylinux_2_17_x86_64.manylinux2014_x86_64.whl", hash = "sha256:e1059eac593f4b92843ac9d10901677cccc2a8152c67e315c9dfbd7ce7c722e7", size = 3331124, upload-time = "2025-09-22T12:34:33.974Z" },
    { url = "https://files.pythonhosted.org/packages/9c/2e/805c2d0e799710e4937d084d9c37821bafa129eda1de62c3279a042ca56d/fastexcel-0.16.0-cp39-abi3-win_amd64.whl", hash = "sha256:04c2b6fea7292e26d76a458f9095f4ec260c864c90be7a7161d20ca81cf77fd8", size = 2819876, upload-time = "2025-09-22T12:34:38.716Z" },
]

[[package]]
name = "fastexcel"
version = "0.19.0"
source = { registry = "https://pypi.org/simple" }
resolution-markers = [
    "python_full_version >= '3.10'",
]
sdist = { url = "https://files.pythonhosted.org/packages/0d/c8/3b09911348e9c64dbf41096d3e8f0e93c141a23990ec9f32514111bd5f55/fastexcel-0.19.0.tar.gz", hash = "sha256:216c3719ee90963bd93a0bf8c10b177233046ac975b67651152fdaedd3c99aa1", size = 60323, upload-time = "2026-01-20T11:17:37.253Z" }
wheels = [
    { url = "https://files.pythonhosted.org/packages/d1/e0/3820e93ea606549cfddb8c437141dd69f2b245e74785efc8bd7511ba909d/fastexcel-0.19.0-cp310-abi3-macosx_10_12_x86_64.whl", hash = "sha256:68601072a0b4b4277c165b68f1055f88ef7ffe7ed6f08c1eeda0f0271e3f7da0", size = 3082362, upload-time = "2026-01-20T11:17:27.157Z" },
    { url = "https://files.pythonhosted.org/packages/66/0f/b42dc09515879192919942157292912393584045fd8bad98bd92961d4c30/fastexcel-0.19.0-cp310-abi3-macosx_11_0_arm64.whl", hash = "sha256:c8a87d94445678e7e3f46a6aa39d2afaee5b88a983ec3661143a6488d8955f44", size = 2864365, upload-time = "2026-01-20T11:17:28.786Z" },
    { url = "https://files.pythonhosted.org/packages/8e/4a/bc358b20fcff64b4c14ff7d7a0e1f797792b8b77e30ae755873c02362538/fastexcel-0.19.0-cp310-abi3-manylinux_2_17_aarch64.manylinux2014_aarch64.whl", hash = "sha256:e94fc1be6642555f277af792c22a9f80ec9b4d640d9690f00abb822b6d865069", size = 3186426, upload-time = "2026-01-20T11:17:19.087Z" },
    { url = "https://files.pythonhosted.org/packages/58/ae/d2ffdc5ad14190153e2422fc90a1052a4b0c3086d24cb8ae8967575321d8/fastexcel-0.19.0-cp310-abi3-manylinux_2_17_x86_64.manylinux2014_x86_64.whl", hash = "sha256:334f9f40cd68b5924a712b6c104949757a0b8ad8a7e3fa3f3fad1c1ebc00258b", size = 3365628, upload-time = "2026-01-20T11:17:21.116Z" },
    { url = "https://files.pythonhosted.org/packages/6e/67/5f6d4e7760dc3dd8244cd124dabdd5bb7622bf1197edcc2513648847690e/fastexcel-0.19.0-cp310-abi3-win_amd64.whl", hash = "sha256:fbbdf9de79c3ef3572809bb187927c0dc5840968ffe513ea015a383024b7c6b0", size = 2905173, upload-time = "2026-01-20T11:17:33.687Z" },
    { url = "https://files.pythonhosted.org/packages/aa/a4/4290e356cfe028b11db8d96f8d5bca43bde8ed1fd9a491661df4d57551de/fastexcel-0.19.0-cp314-cp314t-macosx_10_12_x86_64.whl", hash = "sha256:26eb85d98087b3c13e083a1fb51a3dfcd57607865fb44d8d6db451948ef65c63", size = 3069723, upload-time = "2026-01-20T11:17:30.521Z" },
    { url = "https://files.pythonhosted.org/packages/fb/1e/1364b08c1d5449236af23366ac3beaabbc63b283f354fc1aa6ad0b95cc37/fastexcel-0.19.0-cp314-cp314t-macosx_11_0_arm64.whl", hash = "sha256:42d48b077b7ec070de6ea34c99f9a0c97e45cd767fbadd135fc30fa70de24b42", size = 2852643, upload-time = "2026-01-20T11:17:32.079Z" },
    { url = "https://files.pythonhosted.org/packages/85/1b/57a5e2441ab29ecb774f642f66d5e9f9246cdc14ca4ee85ada5b081f4656/fastexcel-0.19.0-cp314-cp314t-manylinux_2_17_aarch64.manylinux2014_aarch64.whl", hash = "sha256:e3c49fac330cc306bb0bd73d96138f438441d8254eed19ca6c1800aaa9d69054", size = 3182805, upload-time = "2026-01-20T11:17:23.068Z" },
    { url = "https://files.pythonhosted.org/packages/76/50/0e5c416b990d153bad1e63b8268ea751fc8a319d134de14e3bbba38000c7/fastexcel-0.19.0-cp314-cp314t-manylinux_2_17_x86_64.manylinux2014_x86_64.whl", hash = "sha256:75aad96c34836eca90fc6d0e061240c145795f8754424698e2aadfd634abb4cf", size = 3360260, upload-time = "2026-01-20T11:17:24.711Z" },
    { url = "https://files.pythonhosted.org/packages/48/38/b3faa12a74f387e037ff33adae761c22fc3aa44eed15a2c09d653b4eb194/fastexcel-0.19.0-cp314-cp314t-win_amd64.whl", hash = "sha256:7ef8e41cb0118f90d5f9a636fcdc0e9d635938cdaa54a3182328f3d34ce9ee1a", size = 2897686, upload-time = "2026-01-20T11:17:35.453Z" },
]

[[package]]
name = "macrostrat-column-ingestion"
version = "0.1.0"
source = { editable = "." }
dependencies = [
    { name = "fastexcel", version = "0.16.0", source = { registry = "https://pypi.org/simple" }, marker = "python_full_version < '3.10'" },
    { name = "fastexcel", version = "0.19.0", source = { registry = "https://pypi.org/simple" }, marker = "python_full_version >= '3.10'" },
    { name = "openpyxl" },
    { name = "polars", version = "1.36.1", source = { registry = "https://pypi.org/simple" }, marker = "python_full_version < '3.10'" },
    { name = "polars", version = "1.38.1", source = { registry = "https://pypi.org/simple" }, marker = "python_full_version >= '3.10'" },
    { name = "typer" },
]

[package.metadata]
requires-dist = [
    { name = "fastexcel", specifier = ">=0.16.0" },
    { name = "openpyxl", specifier = ">=3.1.5" },
    { name = "polars", specifier = ">=1.36.1" },
    { name = "typer", specifier = ">=0.12.0,<0.24.0" },
]

[[package]]
name = "markdown-it-py"
version = "3.0.0"
source = { registry = "https://pypi.org/simple" }
resolution-markers = [
    "python_full_version < '3.10'",
]
dependencies = [
    { name = "mdurl", marker = "python_full_version < '3.10'" },
]
sdist = { url = "https://files.pythonhosted.org/packages/38/71/3b932df36c1a044d397a1f92d1cf91ee0a503d91e470cbd670aa66b07ed0/markdown-it-py-3.0.0.tar.gz", hash = "sha256:e3f60a94fa066dc52ec76661e37c851cb232d92f9886b15cb560aaada2df8feb", size = 74596, upload-time = "2023-06-03T06:41:14.443Z" }
wheels = [
    { url = "https://files.pythonhosted.org/packages/42/d7/1ec15b46af6af88f19b8e5ffea08fa375d433c998b8a7639e76935c14f1f/markdown_it_py-3.0.0-py3-none-any.whl", hash = "sha256:355216845c60bd96232cd8d8c40e8f9765cc86f46880e43a8fd22dc1a1a8cab1", size = 87528, upload-time = "2023-06-03T06:41:11.019Z" },
]

[[package]]
name = "markdown-it-py"
version = "4.0.0"
source = { registry = "https://pypi.org/simple" }
resolution-markers = [
    "python_full_version >= '3.10'",
]
dependencies = [
    { name = "mdurl", marker = "python_full_version >= '3.10'" },
]
sdist = { url = "https://files.pythonhosted.org/packages/5b/f5/4ec618ed16cc4f8fb3b701563655a69816155e79e24a17b651541804721d/markdown_it_py-4.0.0.tar.gz", hash = "sha256:cb0a2b4aa34f932c007117b194e945bd74e0ec24133ceb5bac59009cda1cb9f3", size = 73070, upload-time = "2025-08-11T12:57:52.854Z" }
wheels = [
    { url = "https://files.pythonhosted.org/packages/94/54/e7d793b573f298e1c9013b8c4dade17d481164aa517d1d7148619c2cedbf/markdown_it_py-4.0.0-py3-none-any.whl", hash = "sha256:87327c59b172c5011896038353a81343b6754500a08cd7a4973bb48c6d578147", size = 87321, upload-time = "2025-08-11T12:57:51.923Z" },
]

[[package]]
name = "mdurl"
version = "0.1.2"
source = { registry = "https://pypi.org/simple" }
sdist = { url = "https://files.pythonhosted.org/packages/d6/54/cfe61301667036ec958cb99bd3efefba235e65cdeb9c84d24a8293ba1d90/mdurl-0.1.2.tar.gz", hash = "sha256:bb413d29f5eea38f31dd4754dd7377d4465116fb207585f97bf925588687c1ba", size = 8729, upload-time = "2022-08-14T12:40:10.846Z" }
wheels = [
    { url = "https://files.pythonhosted.org/packages/b3/38/89ba8ad64ae25be8de66a6d463314cf1eb366222074cfda9ee839c56a4b4/mdurl-0.1.2-py3-none-any.whl", hash = "sha256:84008a41e51615a49fc9966191ff91509e3c40b939176e643fd50a5c2196b8f8", size = 9979, upload-time = "2022-08-14T12:40:09.779Z" },
]

[[package]]
name = "openpyxl"
version = "3.1.5"
source = { registry = "https://pypi.org/simple" }
dependencies = [
    { name = "et-xmlfile" },
]
sdist = { url = "https://files.pythonhosted.org/packages/3d/f9/88d94a75de065ea32619465d2f77b29a0469500e99012523b91cc4141cd1/openpyxl-3.1.5.tar.gz", hash = "sha256:cf0e3cf56142039133628b5acffe8ef0c12bc902d2aadd3e0fe5878dc08d1050", size = 186464, upload-time = "2024-06-28T14:03:44.161Z" }
wheels = [
    { url = "https://files.pythonhosted.org/packages/c0/da/977ded879c29cbd04de313843e76868e6e13408a94ed6b987245dc7c8506/openpyxl-3.1.5-py2.py3-none-any.whl", hash = "sha256:5282c12b107bffeef825f4617dc029afaf41d0ea60823bbb665ef3079dc79de2", size = 250910, upload-time = "2024-06-28T14:03:41.161Z" },
]

[[package]]
name = "polars"
version = "1.36.1"
source = { registry = "https://pypi.org/simple" }
resolution-markers = [
    "python_full_version < '3.10'",
]
dependencies = [
    { name = "polars-runtime-32", version = "1.36.1", source = { registry = "https://pypi.org/simple" }, marker = "python_full_version < '3.10'" },
]
sdist = { url = "https://files.pythonhosted.org/packages/9f/dc/56f2a90c79a2cb13f9e956eab6385effe54216ae7a2068b3a6406bae4345/polars-1.36.1.tar.gz", hash = "sha256:12c7616a2305559144711ab73eaa18814f7aa898c522e7645014b68f1432d54c", size = 711993, upload-time = "2025-12-10T01:14:53.033Z" }
wheels = [
    { url = "https://files.pythonhosted.org/packages/f6/c6/36a1b874036b49893ecae0ac44a2f63d1a76e6212631a5b2f50a86e0e8af/polars-1.36.1-py3-none-any.whl", hash = "sha256:853c1bbb237add6a5f6d133c15094a9b727d66dd6a4eb91dbb07cdb056b2b8ef", size = 802429, upload-time = "2025-12-10T01:13:53.838Z" },
]

[[package]]
name = "polars"
version = "1.38.1"
source = { registry = "https://pypi.org/simple" }
resolution-markers = [
    "python_full_version >= '3.10'",
]
dependencies = [
    { name = "polars-runtime-32", version = "1.38.1", source = { registry = "https://pypi.org/simple" }, marker = "python_full_version >= '3.10'" },
]
sdist = { url = "https://files.pythonhosted.org/packages/c6/5e/208a24471a433bcd0e9a6889ac49025fd4daad2815c8220c5bd2576e5f1b/polars-1.38.1.tar.gz", hash = "sha256:803a2be5344ef880ad625addfb8f641995cfd777413b08a10de0897345778239", size = 717667, upload-time = "2026-02-06T18:13:23.013Z" }
wheels = [
    { url = "https://files.pythonhosted.org/packages/0a/49/737c1a6273c585719858261753da0b688454d1b634438ccba8a9c4eb5aab/polars-1.38.1-py3-none-any.whl", hash = "sha256:a29479c48fed4984d88b656486d221f638cba45d3e961631a50ee5fdde38cb2c", size = 810368, upload-time = "2026-02-06T18:11:55.819Z" },
]

[[package]]
name = "polars-runtime-32"
version = "1.36.1"
source = { registry = "https://pypi.org/simple" }
resolution-markers = [
    "python_full_version < '3.10'",
]
sdist = { url = "https://files.pythonhosted.org/packages/31/df/597c0ef5eb8d761a16d72327846599b57c5d40d7f9e74306fc154aba8c37/polars_runtime_32-1.36.1.tar.gz", hash = "sha256:201c2cfd80ceb5d5cd7b63085b5fd08d6ae6554f922bcb941035e39638528a09", size = 2788751, upload-time = "2025-12-10T01:14:54.172Z" }
wheels = [
    { url = "https://files.pythonhosted.org/packages/e1/ea/871129a2d296966c0925b078a9a93c6c5e7facb1c5eebfcd3d5811aeddc1/polars_runtime_32-1.36.1-cp39-abi3-macosx_10_12_x86_64.whl", hash = "sha256:327b621ca82594f277751f7e23d4b939ebd1be18d54b4cdf7a2f8406cecc18b2", size = 43494311, upload-time = "2025-12-10T01:13:56.096Z" },
    { url = "https://files.pythonhosted.org/packages/d8/76/0038210ad1e526ce5bb2933b13760d6b986b3045eccc1338e661bd656f77/polars_runtime_32-1.36.1-cp39-abi3-macosx_11_0_arm64.whl", hash = "sha256:ab0d1f23084afee2b97de8c37aa3e02ec3569749ae39571bd89e7a8b11ae9e83", size = 39300602, upload-time = "2025-12-10T01:13:59.366Z" },
    { url = "https://files.pythonhosted.org/packages/54/1e/2707bee75a780a953a77a2c59829ee90ef55708f02fc4add761c579bf76e/polars_runtime_32-1.36.1-cp39-abi3-manylinux_2_17_x86_64.manylinux2014_x86_64.whl", hash = "sha256:899b9ad2e47ceb31eb157f27a09dbc2047efbf4969a923a6b1ba7f0412c3e64c", size = 44511780, upload-time = "2025-12-10T01:14:02.285Z" },
    { url = "https://files.pythonhosted.org/packages/11/b2/3fede95feee441be64b4bcb32444679a8fbb7a453a10251583053f6efe52/polars_runtime_32-1.36.1-cp39-abi3-manylinux_2_24_aarch64.whl", hash = "sha256:d9d077bb9df711bc635a86540df48242bb91975b353e53ef261c6fae6cb0948f", size = 40688448, upload-time = "2025-12-10T01:14:05.131Z" },
    { url = "https://files.pythonhosted.org/packages/05/0f/e629713a72999939b7b4bfdbf030a32794db588b04fdf3dc977dd8ea6c53/polars_runtime_32-1.36.1-cp39-abi3-win_amd64.whl", hash = "sha256:cc17101f28c9a169ff8b5b8d4977a3683cd403621841623825525f440b564cf0", size = 44464898, upload-time = "2025-12-10T01:14:08.296Z" },
    { url = "https://files.pythonhosted.org/packages/d1/d8/a12e6aa14f63784cead437083319ec7cece0d5bb9a5bfe7678cc6578b52a/polars_runtime_32-1.36.1-cp39-abi3-win_arm64.whl", hash = "sha256:809e73857be71250141225ddd5d2b30c97e6340aeaa0d445f930e01bef6888dc", size = 39798896, upload-time = "2025-12-10T01:14:11.568Z" },
]

[[package]]
name = "polars-runtime-32"
version = "1.38.1"
source = { registry = "https://pypi.org/simple" }
resolution-markers = [
    "python_full_version >= '3.10'",
]
sdist = { url = "https://files.pythonhosted.org/packages/07/4b/04d6b3fb7cf336fbe12fbc4b43f36d1783e11bb0f2b1e3980ec44878df06/polars_runtime_32-1.38.1.tar.gz", hash = "sha256:04f20ed1f5c58771f34296a27029dc755a9e4b1390caeaef8f317e06fdfce2ec", size = 2812631, upload-time = "2026-02-06T18:13:25.206Z" }
wheels = [
    { url = "https://files.pythonhosted.org/packages/ae/a2/a00defbddadd8cf1042f52380dcba6b6592b03bac8e3b34c436b62d12d3b/polars_runtime_32-1.38.1-cp310-abi3-macosx_10_12_x86_64.whl", hash = "sha256:18154e96044724a0ac38ce155cf63aa03c02dd70500efbbf1a61b08cadd269ef", size = 44108001, upload-time = "2026-02-06T18:11:58.127Z" },
    { url = "https://files.pythonhosted.org/packages/a7/fb/599ff3709e6a303024efd7edfd08cf8de55c6ac39527d8f41cbc4399385f/polars_runtime_32-1.38.1-cp310-abi3-macosx_11_0_arm64.whl", hash = "sha256:c49acac34cc4049ed188f1eb67d6ff3971a39b4af7f7b734b367119970f313ac", size = 40230140, upload-time = "2026-02-06T18:12:01.181Z" },
    { url = "https://files.pythonhosted.org/packages/dc/8c/3ac18d6f89dc05fe2c7c0ee1dc5b81f77a5c85ad59898232c2500fe2ebbf/polars_runtime_32-1.38.1-cp310-abi3-manylinux_2_17_aarch64.manylinux2014_aarch64.whl", hash = "sha256:fef2ef2626a954e010e006cc8e4de467ecf32d08008f130cea1c78911f545323", size = 41994039, upload-time = "2026-02-06T18:12:04.332Z" },
    { url = "https://files.pythonhosted.org/packages/f2/5a/61d60ec5cc0ab37cbd5a699edb2f9af2875b7fdfdfb2a4608ca3cc5f0448/polars_runtime_32-1.38.1-cp310-abi3-manylinux_2_17_x86_64.manylinux2014_x86_64.whl", hash = "sha256:e8a5f7a8125e2d50e2e060296551c929aec09be23a9edcb2b12ca923f555a5ba", size = 45755804, upload-time = "2026-02-06T18:12:07.846Z" },
    { url = "https://files.pythonhosted.org/packages/91/54/02cd4074c98c361ccd3fec3bcb0bd68dbc639c0550c42a4436b0ff0f3ccf/polars_runtime_32-1.38.1-cp310-abi3-musllinux_1_2_aarch64.whl", hash = "sha256:10d19cd9863e129273b18b7fcaab625b5c8143c2d22b3e549067b78efa32e4fa", size = 42159605, upload-time = "2026-02-06T18:12:10.919Z" },
    { url = "https://files.pythonhosted.org/packages/8e/f3/b2a5e720cc56eaa38b4518e63aa577b4bbd60e8b05a00fe43ca051be5879/polars_runtime_32-1.38.1-cp310-abi3-musllinux_1_2_x86_64.whl", hash = "sha256:61e8d73c614b46a00d2f853625a7569a2e4a0999333e876354ac81d1bf1bb5e2", size = 45336615, upload-time = "2026-02-06T18:12:14.074Z" },
    { url = "https://files.pythonhosted.org/packages/f1/8d/ee2e4b7de948090cfb3df37d401c521233daf97bfc54ddec5d61d1d31618/polars_runtime_32-1.38.1-cp310-abi3-win_amd64.whl", hash = "sha256:08c2b3b93509c1141ac97891294ff5c5b0c548a373f583eaaea873a4bf506437", size = 45680732, upload-time = "2026-02-06T18:12:19.097Z" },
    { url = "https://files.pythonhosted.org/packages/bf/18/72c216f4ab0c82b907009668f79183ae029116ff0dd245d56ef58aac48e7/polars_runtime_32-1.38.1-cp310-abi3-win_arm64.whl", hash = "sha256:6d07d0cc832bfe4fb54b6e04218c2c27afcfa6b9498f9f6bbf262a00d58cc7c4", size = 41639413, upload-time = "2026-02-06T18:12:22.044Z" },
]

[[package]]
name = "pygments"
version = "2.19.2"
source = { registry = "https://pypi.org/simple" }
sdist = { url = "https://files.pythonhosted.org/packages/b0/77/a5b8c569bf593b0140bde72ea885a803b82086995367bf2037de0159d924/pygments-2.19.2.tar.gz", hash = "sha256:636cb2477cec7f8952536970bc533bc43743542f70392ae026374600add5b887", size = 4968631, upload-time = "2025-06-21T13:39:12.283Z" }
wheels = [
    { url = "https://files.pythonhosted.org/packages/c7/21/705964c7812476f378728bdf590ca4b771ec72385c533964653c68e86bdc/pygments-2.19.2-py3-none-any.whl", hash = "sha256:86540386c03d588bb81d44bc3928634ff26449851e99741617ecb9037ee5ec0b", size = 1225217, upload-time = "2025-06-21T13:39:07.939Z" },
]

[[package]]
name = "rich"
version = "14.3.2"
source = { registry = "https://pypi.org/simple" }
dependencies = [
    { name = "markdown-it-py", version = "3.0.0", source = { registry = "https://pypi.org/simple" }, marker = "python_full_version < '3.10'" },
    { name = "markdown-it-py", version = "4.0.0", source = { registry = "https://pypi.org/simple" }, marker = "python_full_version >= '3.10'" },
    { name = "pygments" },
]
sdist = { url = "https://files.pythonhosted.org/packages/74/99/a4cab2acbb884f80e558b0771e97e21e939c5dfb460f488d19df485e8298/rich-14.3.2.tar.gz", hash = "sha256:e712f11c1a562a11843306f5ed999475f09ac31ffb64281f73ab29ffdda8b3b8", size = 230143, upload-time = "2026-02-01T16:20:47.908Z" }
wheels = [
    { url = "https://files.pythonhosted.org/packages/ef/45/615f5babd880b4bd7d405cc0dc348234c5ffb6ed1ea33e152ede08b2072d/rich-14.3.2-py3-none-any.whl", hash = "sha256:08e67c3e90884651da3239ea668222d19bea7b589149d8014a21c633420dbb69", size = 309963, upload-time = "2026-02-01T16:20:46.078Z" },
]

[[package]]
name = "shellingham"
version = "1.5.4"
source = { registry = "https://pypi.org/simple" }
sdist = { url = "https://files.pythonhosted.org/packages/58/15/8b3609fd3830ef7b27b655beb4b4e9c62313a4e8da8c676e142cc210d58e/shellingham-1.5.4.tar.gz", hash = "sha256:8dbca0739d487e5bd35ab3ca4b36e11c4078f3a234bfce294b0a0291363404de", size = 10310, upload-time = "2023-10-24T04:13:40.426Z" }
wheels = [
    { url = "https://files.pythonhosted.org/packages/e0/f9/0595336914c5619e5f28a1fb793285925a8cd4b432c9da0a987836c7f822/shellingham-1.5.4-py2.py3-none-any.whl", hash = "sha256:7ecfff8f2fd72616f7481040475a65b2bf8af90a56c89140852d1120324e8686", size = 9755, upload-time = "2023-10-24T04:13:38.866Z" },
]

[[package]]
name = "typer"
version = "0.23.0"
source = { registry = "https://pypi.org/simple" }
dependencies = [
    { name = "annotated-doc" },
    { name = "click", version = "8.1.8", source = { registry = "https://pypi.org/simple" }, marker = "python_full_version < '3.10'" },
    { name = "click", version = "8.3.1", source = { registry = "https://pypi.org/simple" }, marker = "python_full_version >= '3.10'" },
    { name = "rich" },
    { name = "shellingham" },
]
sdist = { url = "https://files.pythonhosted.org/packages/7e/e6/44e073787aa57cd71c151f44855232feb0f748428fd5242d7366e3c4ae8b/typer-0.23.0.tar.gz", hash = "sha256:d8378833e47ada5d3d093fa20c4c63427cc4e27127f6b349a6c359463087d8cc", size = 120181, upload-time = "2026-02-11T15:22:18.637Z" }
wheels = [
    { url = "https://files.pythonhosted.org/packages/7a/ed/d6fca788b51d0d4640c4bc82d0e85bad4b49809bca36bf4af01b4dcb66a7/typer-0.23.0-py3-none-any.whl", hash = "sha256:79f4bc262b6c37872091072a3cb7cb6d7d79ee98c0c658b4364bdcde3c42c913", size = 56668, upload-time = "2026-02-11T15:22:21.075Z" },
]

[[package]]
name = "typing-extensions"
version = "4.15.0"
source = { registry = "https://pypi.org/simple" }
sdist = { url = "https://files.pythonhosted.org/packages/72/94/1a15dd82efb362ac84269196e94cf00f187f7ed21c242792a923cdb1c61f/typing_extensions-4.15.0.tar.gz", hash = "sha256:0cea48d173cc12fa28ecabc3b837ea3cf6f38c6d1136f85cbaaf598984861466", size = 109391, upload-time = "2025-08-25T13:49:26.313Z" }
wheels = [
    { url = "https://files.pythonhosted.org/packages/18/67/36e9267722cc04a6b9f15c7f3441c2363321a3ea07da7ae0c0707beb2a9c/typing_extensions-4.15.0-py3-none-any.whl", hash = "sha256:f0fa19c6845758ab08074a0cfa8b7aecb71c999ca73d62883bc25cc018c4e548", size = 44614, upload-time = "2025-08-25T13:49:24.86Z" },
]
